// !$*UTF8*$!
{
	archiveVersion = 1;
	classes = {
	};
	objectVersion = 52;
	objects = {

/* Begin PBXBuildFile section */
		279F3FE62501603F00DCE7D7 /* main.swift in Sources */ = {isa = PBXBuildFile; fileRef = 279F3FE52501603F00DCE7D7 /* main.swift */; };
		279F3FF22501615700DCE7D7 /* ImportedMember.swift in Sources */ = {isa = PBXBuildFile; fileRef = 279F3FF12501615700DCE7D7 /* ImportedMember.swift */; };
		279F3FF42501631A00DCE7D7 /* ImportedAddress.swift in Sources */ = {isa = PBXBuildFile; fileRef = 279F3FF32501631A00DCE7D7 /* ImportedAddress.swift */; };
		279F3FF6250163C200DCE7D7 /* ImportedHousehold.swift in Sources */ = {isa = PBXBuildFile; fileRef = 279F3FF5250163C200DCE7D7 /* ImportedHousehold.swift */; };
		279F3FF82501649100DCE7D7 /* ImportedBlob.swift in Sources */ = {isa = PBXBuildFile; fileRef = 279F3FF72501649100DCE7D7 /* ImportedBlob.swift */; };
		27C6B4A125069E340086181F /* PMDataTypes in Frameworks */ = {isa = PBXBuildFile; productRef = 27C6B4A025069E340086181F /* PMDataTypes */; };
		27E04D8F2576EB87007DB893 /* ArgumentParser in Frameworks */ = {isa = PBXBuildFile; productRef = 27E04D8E2576EB87007DB893 /* ArgumentParser */; };
/* End PBXBuildFile section */

/* Begin PBXCopyFilesBuildPhase section */
		279F3FE02501603F00DCE7D7 /* CopyFiles */ = {
			isa = PBXCopyFilesBuildPhase;
			buildActionMask = 2147483647;
			dstPath = /usr/share/man/man1/;
			dstSubfolderSpec = 0;
			files = (
			);
			runOnlyForDeploymentPostprocessing = 1;
		};
/* End PBXCopyFilesBuildPhase section */

/* Begin PBXFileReference section */
		279F3FE22501603F00DCE7D7 /* PMImporter */ = {isa = PBXFileReference; explicitFileType = "compiled.mach-o.executable"; includeInIndex = 0; path = PMImporter; sourceTree = BUILT_PRODUCTS_DIR; };
		279F3FE52501603F00DCE7D7 /* main.swift */ = {isa = PBXFileReference; lastKnownFileType = sourcecode.swift; path = main.swift; sourceTree = "<group>"; };
		279F3FF12501615700DCE7D7 /* ImportedMember.swift */ = {isa = PBXFileReference; lastKnownFileType = sourcecode.swift; path = ImportedMember.swift; sourceTree = "<group>"; };
		279F3FF32501631A00DCE7D7 /* ImportedAddress.swift */ = {isa = PBXFileReference; lastKnownFileType = sourcecode.swift; path = ImportedAddress.swift; sourceTree = "<group>"; };
		279F3FF5250163C200DCE7D7 /* ImportedHousehold.swift */ = {isa = PBXFileReference; lastKnownFileType = sourcecode.swift; path = ImportedHousehold.swift; sourceTree = "<group>"; };
		279F3FF72501649100DCE7D7 /* ImportedBlob.swift */ = {isa = PBXFileReference; lastKnownFileType = sourcecode.swift; path = ImportedBlob.swift; sourceTree = "<group>"; };
		27C6B4A22506A9A70086181F /* README.md */ = {isa = PBXFileReference; fileEncoding = 4; lastKnownFileType = net.daringfireball.markdown; path = README.md; sourceTree = "<group>"; };
/* End PBXFileReference section */

/* Begin PBXFrameworksBuildPhase section */
		279F3FDF2501603F00DCE7D7 /* Frameworks */ = {
			isa = PBXFrameworksBuildPhase;
			buildActionMask = 2147483647;
			files = (
				27E04D8F2576EB87007DB893 /* ArgumentParser in Frameworks */,
				27C6B4A125069E340086181F /* PMDataTypes in Frameworks */,
			);
			runOnlyForDeploymentPostprocessing = 0;
		};
/* End PBXFrameworksBuildPhase section */

/* Begin PBXGroup section */
		279F3FD92501603F00DCE7D7 = {
			isa = PBXGroup;
			children = (
				27C6B4A22506A9A70086181F /* README.md */,
				279F3FE42501603F00DCE7D7 /* PMImporter */,
				279F3FE32501603F00DCE7D7 /* Products */,
			);
			sourceTree = "<group>";
		};
		279F3FE32501603F00DCE7D7 /* Products */ = {
			isa = PBXGroup;
			children = (
				279F3FE22501603F00DCE7D7 /* PMImporter */,
			);
			name = Products;
			sourceTree = "<group>";
		};
		279F3FE42501603F00DCE7D7 /* PMImporter */ = {
			isa = PBXGroup;
			children = (
				279F3FE52501603F00DCE7D7 /* main.swift */,
				279F3FF12501615700DCE7D7 /* ImportedMember.swift */,
				279F3FF32501631A00DCE7D7 /* ImportedAddress.swift */,
				279F3FF5250163C200DCE7D7 /* ImportedHousehold.swift */,
				279F3FF72501649100DCE7D7 /* ImportedBlob.swift */,
			);
			path = PMImporter;
			sourceTree = "<group>";
		};
/* End PBXGroup section */

/* Begin PBXNativeTarget section */
		279F3FE12501603F00DCE7D7 /* PMImporter */ = {
			isa = PBXNativeTarget;
			buildConfigurationList = 279F3FE92501603F00DCE7D7 /* Build configuration list for PBXNativeTarget "PMImporter" */;
			buildPhases = (
				279F3FDE2501603F00DCE7D7 /* Sources */,
				279F3FDF2501603F00DCE7D7 /* Frameworks */,
				279F3FE02501603F00DCE7D7 /* CopyFiles */,
			);
			buildRules = (
			);
			dependencies = (
			);
			name = PMImporter;
			packageProductDependencies = (
				27C6B4A025069E340086181F /* PMDataTypes */,
				27E04D8E2576EB87007DB893 /* ArgumentParser */,
			);
			productName = PMImporter;
			productReference = 279F3FE22501603F00DCE7D7 /* PMImporter */;
			productType = "com.apple.product-type.tool";
		};
/* End PBXNativeTarget section */

/* Begin PBXProject section */
		279F3FDA2501603F00DCE7D7 /* Project object */ = {
			isa = PBXProject;
			attributes = {
				LastSwiftUpdateCheck = 1200;
				LastUpgradeCheck = 1220;
				TargetAttributes = {
					279F3FE12501603F00DCE7D7 = {
						CreatedOnToolsVersion = 12.0;
					};
				};
			};
			buildConfigurationList = 279F3FDD2501603F00DCE7D7 /* Build configuration list for PBXProject "PMImporter" */;
			compatibilityVersion = "Xcode 9.3";
			developmentRegion = en;
			hasScannedForEncodings = 0;
			knownRegions = (
				en,
				Base,
			);
			mainGroup = 279F3FD92501603F00DCE7D7;
			packageReferences = (
				27C6B49F25069E340086181F /* XCRemoteSwiftPackageReference "PMDataTypes" */,
				27E04D8D2576EB87007DB893 /* XCRemoteSwiftPackageReference "swift-argument-parser" */,
			);
			productRefGroup = 279F3FE32501603F00DCE7D7 /* Products */;
			projectDirPath = "";
			projectRoot = "";
			targets = (
				279F3FE12501603F00DCE7D7 /* PMImporter */,
			);
		};
/* End PBXProject section */

/* Begin PBXSourcesBuildPhase section */
		279F3FDE2501603F00DCE7D7 /* Sources */ = {
			isa = PBXSourcesBuildPhase;
			buildActionMask = 2147483647;
			files = (
				279F3FE62501603F00DCE7D7 /* main.swift in Sources */,
				279F3FF6250163C200DCE7D7 /* ImportedHousehold.swift in Sources */,
				279F3FF22501615700DCE7D7 /* ImportedMember.swift in Sources */,
				279F3FF42501631A00DCE7D7 /* ImportedAddress.swift in Sources */,
				279F3FF82501649100DCE7D7 /* ImportedBlob.swift in Sources */,
			);
			runOnlyForDeploymentPostprocessing = 0;
		};
/* End PBXSourcesBuildPhase section */

/* Begin XCBuildConfiguration section */
		279F3FE72501603F00DCE7D7 /* Debug */ = {
			isa = XCBuildConfiguration;
			buildSettings = {
				ALWAYS_SEARCH_USER_PATHS = NO;
				CLANG_ANALYZER_NONNULL = YES;
				CLANG_ANALYZER_NUMBER_OBJECT_CONVERSION = YES_AGGRESSIVE;
				CLANG_CXX_LANGUAGE_STANDARD = "gnu++14";
				CLANG_CXX_LIBRARY = "libc++";
				CLANG_ENABLE_MODULES = YES;
				CLANG_ENABLE_OBJC_ARC = YES;
				CLANG_ENABLE_OBJC_WEAK = YES;
				CLANG_WARN_BLOCK_CAPTURE_AUTORELEASING = YES;
				CLANG_WARN_BOOL_CONVERSION = YES;
				CLANG_WARN_COMMA = YES;
				CLANG_WARN_CONSTANT_CONVERSION = YES;
				CLANG_WARN_DEPRECATED_OBJC_IMPLEMENTATIONS = YES;
				CLANG_WARN_DIRECT_OBJC_ISA_USAGE = YES_ERROR;
				CLANG_WARN_DOCUMENTATION_COMMENTS = YES;
				CLANG_WARN_EMPTY_BODY = YES;
				CLANG_WARN_ENUM_CONVERSION = YES;
				CLANG_WARN_INFINITE_RECURSION = YES;
				CLANG_WARN_INT_CONVERSION = YES;
				CLANG_WARN_NON_LITERAL_NULL_CONVERSION = YES;
				CLANG_WARN_OBJC_IMPLICIT_RETAIN_SELF = YES;
				CLANG_WARN_OBJC_LITERAL_CONVERSION = YES;
				CLANG_WARN_OBJC_ROOT_CLASS = YES_ERROR;
				CLANG_WARN_QUOTED_INCLUDE_IN_FRAMEWORK_HEADER = YES;
				CLANG_WARN_RANGE_LOOP_ANALYSIS = YES;
				CLANG_WARN_STRICT_PROTOTYPES = YES;
				CLANG_WARN_SUSPICIOUS_MOVE = YES;
				CLANG_WARN_UNGUARDED_AVAILABILITY = YES_AGGRESSIVE;
				CLANG_WARN_UNREACHABLE_CODE = YES;
				CLANG_WARN__DUPLICATE_METHOD_MATCH = YES;
				COPY_PHASE_STRIP = NO;
				DEBUG_INFORMATION_FORMAT = dwarf;
				ENABLE_STRICT_OBJC_MSGSEND = YES;
				ENABLE_TESTABILITY = YES;
				GCC_C_LANGUAGE_STANDARD = gnu11;
				GCC_DYNAMIC_NO_PIC = NO;
				GCC_NO_COMMON_BLOCKS = YES;
				GCC_OPTIMIZATION_LEVEL = 0;
				GCC_PREPROCESSOR_DEFINITIONS = (
					"DEBUG=1",
					"$(inherited)",
				);
				GCC_WARN_64_TO_32_BIT_CONVERSION = YES;
				GCC_WARN_ABOUT_RETURN_TYPE = YES_ERROR;
				GCC_WARN_UNDECLARED_SELECTOR = YES;
				GCC_WARN_UNINITIALIZED_AUTOS = YES_AGGRESSIVE;
				GCC_WARN_UNUSED_FUNCTION = YES;
				GCC_WARN_UNUSED_VARIABLE = YES;
				MACOSX_DEPLOYMENT_TARGET = 10.15;
				MTL_ENABLE_DEBUG_INFO = INCLUDE_SOURCE;
				MTL_FAST_MATH = YES;
				ONLY_ACTIVE_ARCH = YES;
				SDKROOT = macosx;
				SWIFT_ACTIVE_COMPILATION_CONDITIONS = DEBUG;
				SWIFT_OPTIMIZATION_LEVEL = "-Onone";
			};
			name = Debug;
		};
		279F3FE82501603F00DCE7D7 /* Release */ = {
			isa = XCBuildConfiguration;
			buildSettings = {
				ALWAYS_SEARCH_USER_PATHS = NO;
				CLANG_ANALYZER_NONNULL = YES;
				CLANG_ANALYZER_NUMBER_OBJECT_CONVERSION = YES_AGGRESSIVE;
				CLANG_CXX_LANGUAGE_STANDARD = "gnu++14";
				CLANG_CXX_LIBRARY = "libc++";
				CLANG_ENABLE_MODULES = YES;
				CLANG_ENABLE_OBJC_ARC = YES;
				CLANG_ENABLE_OBJC_WEAK = YES;
				CLANG_WARN_BLOCK_CAPTURE_AUTORELEASING = YES;
				CLANG_WARN_BOOL_CONVERSION = YES;
				CLANG_WARN_COMMA = YES;
				CLANG_WARN_CONSTANT_CONVERSION = YES;
				CLANG_WARN_DEPRECATED_OBJC_IMPLEMENTATIONS = YES;
				CLANG_WARN_DIRECT_OBJC_ISA_USAGE = YES_ERROR;
				CLANG_WARN_DOCUMENTATION_COMMENTS = YES;
				CLANG_WARN_EMPTY_BODY = YES;
				CLANG_WARN_ENUM_CONVERSION = YES;
				CLANG_WARN_INFINITE_RECURSION = YES;
				CLANG_WARN_INT_CONVERSION = YES;
				CLANG_WARN_NON_LITERAL_NULL_CONVERSION = YES;
				CLANG_WARN_OBJC_IMPLICIT_RETAIN_SELF = YES;
				CLANG_WARN_OBJC_LITERAL_CONVERSION = YES;
				CLANG_WARN_OBJC_ROOT_CLASS = YES_ERROR;
				CLANG_WARN_QUOTED_INCLUDE_IN_FRAMEWORK_HEADER = YES;
				CLANG_WARN_RANGE_LOOP_ANALYSIS = YES;
				CLANG_WARN_STRICT_PROTOTYPES = YES;
				CLANG_WARN_SUSPICIOUS_MOVE = YES;
				CLANG_WARN_UNGUARDED_AVAILABILITY = YES_AGGRESSIVE;
				CLANG_WARN_UNREACHABLE_CODE = YES;
				CLANG_WARN__DUPLICATE_METHOD_MATCH = YES;
				COPY_PHASE_STRIP = NO;
				DEBUG_INFORMATION_FORMAT = "dwarf-with-dsym";
				ENABLE_NS_ASSERTIONS = NO;
				ENABLE_STRICT_OBJC_MSGSEND = YES;
				GCC_C_LANGUAGE_STANDARD = gnu11;
				GCC_NO_COMMON_BLOCKS = YES;
				GCC_WARN_64_TO_32_BIT_CONVERSION = YES;
				GCC_WARN_ABOUT_RETURN_TYPE = YES_ERROR;
				GCC_WARN_UNDECLARED_SELECTOR = YES;
				GCC_WARN_UNINITIALIZED_AUTOS = YES_AGGRESSIVE;
				GCC_WARN_UNUSED_FUNCTION = YES;
				GCC_WARN_UNUSED_VARIABLE = YES;
				MACOSX_DEPLOYMENT_TARGET = 10.15;
				MTL_ENABLE_DEBUG_INFO = NO;
				MTL_FAST_MATH = YES;
				SDKROOT = macosx;
				SWIFT_COMPILATION_MODE = wholemodule;
				SWIFT_OPTIMIZATION_LEVEL = "-O";
			};
			name = Release;
		};
		279F3FEA2501603F00DCE7D7 /* Debug */ = {
			isa = XCBuildConfiguration;
			buildSettings = {
				CODE_SIGN_IDENTITY = "-";
				CODE_SIGN_STYLE = Automatic;
				DEVELOPMENT_TEAM = KRGB7TX9DU;
				ENABLE_HARDENED_RUNTIME = YES;
				PRODUCT_NAME = "$(TARGET_NAME)";
				SWIFT_VERSION = 5.0;
			};
			name = Debug;
		};
		279F3FEB2501603F00DCE7D7 /* Release */ = {
			isa = XCBuildConfiguration;
			buildSettings = {
				CODE_SIGN_IDENTITY = "-";
				CODE_SIGN_STYLE = Automatic;
				DEVELOPMENT_TEAM = KRGB7TX9DU;
				ENABLE_HARDENED_RUNTIME = YES;
				PRODUCT_NAME = "$(TARGET_NAME)";
				SWIFT_VERSION = 5.0;
			};
			name = Release;
		};
/* End XCBuildConfiguration section */

/* Begin XCConfigurationList section */
		279F3FDD2501603F00DCE7D7 /* Build configuration list for PBXProject "PMImporter" */ = {
			isa = XCConfigurationList;
			buildConfigurations = (
				279F3FE72501603F00DCE7D7 /* Debug */,
				279F3FE82501603F00DCE7D7 /* Release */,
			);
			defaultConfigurationIsVisible = 0;
			defaultConfigurationName = Release;
		};
		279F3FE92501603F00DCE7D7 /* Build configuration list for PBXNativeTarget "PMImporter" */ = {
			isa = XCConfigurationList;
			buildConfigurations = (
				279F3FEA2501603F00DCE7D7 /* Debug */,
				279F3FEB2501603F00DCE7D7 /* Release */,
			);
			defaultConfigurationIsVisible = 0;
			defaultConfigurationName = Release;
		};
/* End XCConfigurationList section */

/* Begin XCRemoteSwiftPackageReference section */
		27C6B49F25069E340086181F /* XCRemoteSwiftPackageReference "PMDataTypes" */ = {
			isa = XCRemoteSwiftPackageReference;
			repositoryURL = "git@github.com:fkuhl/PMDataTypes.git";
			requirement = {
				kind = upToNextMajorVersion;
				minimumVersion = 4.1.0;
			};
		};
		27E04D8D2576EB87007DB893 /* XCRemoteSwiftPackageReference "swift-argument-parser" */ = {
			isa = XCRemoteSwiftPackageReference;
			repositoryURL = "https://github.com/apple/swift-argument-parser";
			requirement = {
				kind = upToNextMajorVersion;
				minimumVersion = 0.3.1;
			};
		};
/* End XCRemoteSwiftPackageReference section */

/* Begin XCSwiftPackageProductDependency section */
		27C6B4A025069E340086181F /* PMDataTypes */ = {
			isa = XCSwiftPackageProductDependency;
			package = 27C6B49F25069E340086181F /* XCRemoteSwiftPackageReference "PMDataTypes" */;
			productName = PMDataTypes;
		};
		27E04D8E2576EB87007DB893 /* ArgumentParser */ = {
			isa = XCSwiftPackageProductDependency;
			package = 27E04D8D2576EB87007DB893 /* XCRemoteSwiftPackageReference "swift-argument-parser" */;
			productName = ArgumentParser;
		};
/* End XCSwiftPackageProductDependency section */
	};
	rootObject = 279F3FDA2501603F00DCE7D7 /* Project object */;
}
